memo = "230a9bc44331f043b1b555f67b45d0bb68c3fc338e24930b0fa8deb60693abb7"

[[projects]]
  name = "github.com/Sirupsen/logrus"
  packages = ["."]
  revision = "ab7e46ea22bd379e660230844f96d20f1dabc21a"

[[projects]]
  branch = "master"
  name = "github.com/gorilla/context"
  packages = ["."]
  revision = "08b5f424b9271eedf6f9f0ce86cb9396ed337a42"

[[projects]]
  branch = "master"
  name = "github.com/gorilla/mux"
  packages = ["."]
  revision = "599cba5e7b6137d46ddf58fb1765f5d928e69604"

[[projects]]
  branch = "master"
  name = "github.com/joho/godotenv"
  packages = ["."]
  revision = "d10b3fbe007de7a25e086524ad17597afa3d238b"

[[projects]]
  name = "github.com/robfig/cron"
  packages = ["."]
  revision = "b024fc5ea0e34bc3f83d9941c8d60b0622bfaca4"
  version = "v1"

[[projects]]
  branch = "master"
  name = "github.com/urfave/negroni"
  packages = ["."]
  revision = "c0db5feaa33826cd5117930c8f4ee5c0f565eec6"
